
Microsoft Visual Studio Solution File, Format Version 12.00
# Visual Studio Version 17
VisualStudioVersion = 17.3.32505.426
MinimumVisualStudioVersion = 10.0.40219.1
Project("{9A19103F-16F7-4668-BE54-9A1E7A4F7556}") = "DoesItBeFast", "DoesItBeFast\DoesItBeFast.csproj", "{CD9980B1-A070-4C10-97D9-843F1E0CB698}"
EndProject
Project("{9A19103F-16F7-4668-BE54-9A1E7A4F7556}") = "DoesItBeFast.AcceptanceTests", "DoesItBeFast.AcceptanceTests\DoesItBeFast.AcceptanceTests.csproj", "{0E39A77A-6680-43B9-BB2C-E96FEA79419E}"
EndProject
Project("{FAE04EC0-301F-11D3-BF4B-00C04F79EFBC}") = "TestLibrary", "TestLibrary\TestLibrary.csproj", "{87B2F916-45EE-4BA8-A469-D466065D1DB9}"
EndProject
Global
	GlobalSection(SolutionConfigurationPlatforms) = preSolution
		Debug|Any CPU = Debug|Any CPU
		Release|Any CPU = Release|Any CPU
	EndGlobalSection
	GlobalSection(ProjectConfigurationPlatforms) = postSolution
		{CD9980B1-A070-4C10-97D9-843F1E0CB698}.Debug|Any CPU.ActiveCfg = Debug|Any CPU
		{CD9980B1-A070-4C10-97D9-843F1E0CB698}.Debug|Any CPU.Build.0 = Debug|Any CPU
		{CD9980B1-A070-4C10-97D9-843F1E0CB698}.Release|Any CPU.ActiveCfg = Release|Any CPU
		{CD9980B1-A070-4C10-97D9-843F1E0CB698}.Release|Any CPU.Build.0 = Release|Any CPU
		{0E39A77A-6680-43B9-BB2C-E96FEA79419E}.Debug|Any CPU.ActiveCfg = Debug|Any CPU
		{0E39A77A-6680-43B9-BB2C-E96FEA79419E}.Debug|Any CPU.Build.0 = Debug|Any CPU
		{0E39A77A-6680-43B9-BB2C-E96FEA79419E}.Release|Any CPU.ActiveCfg = Release|Any CPU
		{0E39A77A-6680-43B9-BB2C-E96FEA79419E}.Release|Any CPU.Build.0 = Release|Any CPU
		{87B2F916-45EE-4BA8-A469-D466065D1DB9}.Debug|Any CPU.ActiveCfg = Debug|Any CPU
		{87B2F916-45EE-4BA8-A469-D466065D1DB9}.Debug|Any CPU.Build.0 = Debug|Any CPU
		{87B2F916-45EE-4BA8-A469-D466065D1DB9}.Release|Any CPU.ActiveCfg = Release|Any CPU
		{87B2F916-45EE-4BA8-A469-D466065D1DB9}.Release|Any CPU.Build.0 = Release|Any CPU
	EndGlobalSection
	GlobalSection(SolutionProperties) = preSolution
		HideSolutionNode = FALSE
	EndGlobalSection
	GlobalSection(ExtensibilityGlobals) = postSolution
		SolutionGuid = {8118D481-EB44-43DC-85E7-D3C2A5998FFA}
	EndGlobalSection
EndGlobal
